{
  "name": "DreamPalaceWebMap",
  "lockfileVersion": 3,
  "requires": true,
  "packages": {
    "": {
      "dependencies": {
        "leaflet.timeline": "^1.6.0"
      }
    },
    "node_modules/diesal": {
      "version": "1.0.2",
      "resolved": "https://registry.npmjs.org/diesal/-/diesal-1.0.2.tgz",
      "integrity": "sha512-vGKXq/bB/eNI4L2fMj8jH9wpQ05ijUReLmfLAZRNeXVqOaC4NfdpQvoIZrazEbA5u9MF3R8JYloUUQTp3Q/yvA==",
      "license": "ISC"
    },
    "node_modules/leaflet": {
      "version": "1.9.4",
      "resolved": "https://registry.npmjs.org/leaflet/-/leaflet-1.9.4.tgz",
      "integrity": "sha512-nxS1ynzJOmOlHp+iL3FyWqK89GtNL8U8rvlMOsQdTTssxZwCXh8N2NB3GDQOL+YR3XnWyZAxwQixURb+FA74PA==",
      "license": "BSD-2-Clause",
      "peer": true
    },
    "node_modules/leaflet.timeline": {
      "version": "1.6.0",
      "resolved": "https://registry.npmjs.org/leaflet.timeline/-/leaflet.timeline-1.6.0.tgz",
      "integrity": "sha512-FCMkr3P0zxL5IRVJ80wUPmXOlyC7ohq3z2JO45mYq6AKoBgB1yXjfXI6e6V64TAwBl0cmyYIrJCN8boyXdVDSQ==",
      "license": "ISC",
      "dependencies": {
        "diesal": "^1.0.2"
      },
      "peerDependencies": {
        "leaflet": "^1.2.0"
      }
    }
  }
}
